
Microsoft Visual Studio Solution File, Format Version 12.00
# Visual Studio Version 17
VisualStudioVersion = 17.4.33110.190
MinimumVisualStudioVersion = 10.0.40219.1
Project("{FAE04EC0-301F-11D3-BF4B-00C04F79EFBC}") = "JogoDaVelha", "JogoDaVelha\JogoDaVelha.csproj", "{F6AF43FD-1EC3-4202-B746-EE9CA8389271}"
EndProject
Global
	GlobalSection(SolutionConfigurationPlatforms) = preSolution
		Debug|Any CPU = Debug|Any CPU
		Release|Any CPU = Release|Any CPU
	EndGlobalSection
	GlobalSection(ProjectConfigurationPlatforms) = postSolution
		{F6AF43FD-1EC3-4202-B746-EE9CA8389271}.Debug|Any CPU.ActiveCfg = Debug|Any CPU
		{F6AF43FD-1EC3-4202-B746-EE9CA8389271}.Debug|Any CPU.Build.0 = Debug|Any CPU
		{F6AF43FD-1EC3-4202-B746-EE9CA8389271}.Release|Any CPU.ActiveCfg = Release|Any CPU
		{F6AF43FD-1EC3-4202-B746-EE9CA8389271}.Release|Any CPU.Build.0 = Release|Any CPU
	EndGlobalSection
	GlobalSection(SolutionProperties) = preSolution
		HideSolutionNode = FALSE
	EndGlobalSection
	GlobalSection(ExtensibilityGlobals) = postSolution
		SolutionGuid = {D46AFDA0-F444-4FCC-8B1F-A16761C155BA}
	EndGlobalSection
EndGlobal
